
Microsoft Visual Studio Solution File, Format Version 12.00
# Visual Studio Version 17
VisualStudioVersion = 17.3.32804.467
MinimumVisualStudioVersion = 10.0.40219.1
Project("{FAE04EC0-301F-11D3-BF4B-00C04F79EFBC}") = "Lab", "Lab\Lab.csproj", "{5F37E523-5D8E-4EF5-BA13-E5268BB5D215}"
EndProject
Global
	GlobalSection(SolutionConfigurationPlatforms) = preSolution
		Debug|Any CPU = Debug|Any CPU
		Release|Any CPU = Release|Any CPU
	EndGlobalSection
	GlobalSection(ProjectConfigurationPlatforms) = postSolution
		{5F37E523-5D8E-4EF5-BA13-E5268BB5D215}.Debug|Any CPU.ActiveCfg = Debug|Any CPU
		{5F37E523-5D8E-4EF5-BA13-E5268BB5D215}.Debug|Any CPU.Build.0 = Debug|Any CPU
		{5F37E523-5D8E-4EF5-BA13-E5268BB5D215}.Release|Any CPU.ActiveCfg = Release|Any CPU
		{5F37E523-5D8E-4EF5-BA13-E5268BB5D215}.Release|Any CPU.Build.0 = Release|Any CPU
	EndGlobalSection
	GlobalSection(SolutionProperties) = preSolution
		HideSolutionNode = FALSE
	EndGlobalSection
	GlobalSection(ExtensibilityGlobals) = postSolution
		SolutionGuid = {DDE86BDA-0ADA-4773-82F1-6F531BD2E4E8}
	EndGlobalSection
EndGlobal
